
Microsoft Visual Studio Solution File, Format Version 12.00
# Visual Studio Version 16
VisualStudioVersion = 16.0.33130.400
MinimumVisualStudioVersion = 10.0.40219.1
Project("{2150E333-8FDC-42A3-9474-1A3956D46DE8}") = "Common", "Common", "{72401212-9B8E-4E85-8983-B977FE0AE13E}"
EndProject
Project("{2150E333-8FDC-42A3-9474-1A3956D46DE8}") = "DataAccess", "DataAccess", "{96FA34D7-98E5-426E-9D24-E87A0EA86527}"
EndProject
Project("{2150E333-8FDC-42A3-9474-1A3956D46DE8}") = "Business", "Business", "{AC463B32-0979-4864-82DD-4A0FC05CBA66}"
EndProject
Project("{FAE04EC0-301F-11D3-BF4B-00C04F79EFBC}") = "AnonymousPoll.Business", "AnonymousPoll.Business\AnonymousPoll.Business.csproj", "{B819FD83-D7F9-4B8E-A66A-1FF56FED98F8}"
EndProject
Project("{FAE04EC0-301F-11D3-BF4B-00C04F79EFBC}") = "AnonymousPoll.Common", "AnonymousPoll.Common\AnonymousPoll.Common.csproj", "{27484EFA-96B9-409E-BAF1-C671135FD639}"
EndProject
Project("{FAE04EC0-301F-11D3-BF4B-00C04F79EFBC}") = "AnonymousPoll.DataAccess", "AnonymousPoll.DataAccess\AnonymousPoll.DataAccess.csproj", "{BE311F90-0DD5-4462-92D3-3B54133B2145}"
EndProject
Project("{2150E333-8FDC-42A3-9474-1A3956D46DE8}") = "Presentation", "Presentation", "{DDFFC9D5-57F9-4687-9B89-C1F065A1A66D}"
EndProject
Project("{FAE04EC0-301F-11D3-BF4B-00C04F79EFBC}") = "AnonymousPoll", "AnonymousPoll\AnonymousPoll.csproj", "{60933EF3-050F-4A38-9B78-2E2008BBB6A1}"
EndProject
Global
	GlobalSection(SolutionConfigurationPlatforms) = preSolution
		Debug|Any CPU = Debug|Any CPU
		Release|Any CPU = Release|Any CPU
	EndGlobalSection
	GlobalSection(ProjectConfigurationPlatforms) = postSolution
		{B819FD83-D7F9-4B8E-A66A-1FF56FED98F8}.Debug|Any CPU.ActiveCfg = Debug|Any CPU
		{B819FD83-D7F9-4B8E-A66A-1FF56FED98F8}.Debug|Any CPU.Build.0 = Debug|Any CPU
		{B819FD83-D7F9-4B8E-A66A-1FF56FED98F8}.Release|Any CPU.ActiveCfg = Release|Any CPU
		{B819FD83-D7F9-4B8E-A66A-1FF56FED98F8}.Release|Any CPU.Build.0 = Release|Any CPU
		{27484EFA-96B9-409E-BAF1-C671135FD639}.Debug|Any CPU.ActiveCfg = Debug|Any CPU
		{27484EFA-96B9-409E-BAF1-C671135FD639}.Debug|Any CPU.Build.0 = Debug|Any CPU
		{27484EFA-96B9-409E-BAF1-C671135FD639}.Release|Any CPU.ActiveCfg = Release|Any CPU
		{27484EFA-96B9-409E-BAF1-C671135FD639}.Release|Any CPU.Build.0 = Release|Any CPU
		{BE311F90-0DD5-4462-92D3-3B54133B2145}.Debug|Any CPU.ActiveCfg = Debug|Any CPU
		{BE311F90-0DD5-4462-92D3-3B54133B2145}.Debug|Any CPU.Build.0 = Debug|Any CPU
		{BE311F90-0DD5-4462-92D3-3B54133B2145}.Release|Any CPU.ActiveCfg = Release|Any CPU
		{BE311F90-0DD5-4462-92D3-3B54133B2145}.Release|Any CPU.Build.0 = Release|Any CPU
		{60933EF3-050F-4A38-9B78-2E2008BBB6A1}.Debug|Any CPU.ActiveCfg = Debug|Any CPU
		{60933EF3-050F-4A38-9B78-2E2008BBB6A1}.Debug|Any CPU.Build.0 = Debug|Any CPU
		{60933EF3-050F-4A38-9B78-2E2008BBB6A1}.Release|Any CPU.ActiveCfg = Release|Any CPU
		{60933EF3-050F-4A38-9B78-2E2008BBB6A1}.Release|Any CPU.Build.0 = Release|Any CPU
	EndGlobalSection
	GlobalSection(SolutionProperties) = preSolution
		HideSolutionNode = FALSE
	EndGlobalSection
	GlobalSection(NestedProjects) = preSolution
		{B819FD83-D7F9-4B8E-A66A-1FF56FED98F8} = {AC463B32-0979-4864-82DD-4A0FC05CBA66}
		{27484EFA-96B9-409E-BAF1-C671135FD639} = {72401212-9B8E-4E85-8983-B977FE0AE13E}
		{BE311F90-0DD5-4462-92D3-3B54133B2145} = {96FA34D7-98E5-426E-9D24-E87A0EA86527}
		{60933EF3-050F-4A38-9B78-2E2008BBB6A1} = {DDFFC9D5-57F9-4687-9B89-C1F065A1A66D}
	EndGlobalSection
	GlobalSection(ExtensibilityGlobals) = postSolution
		SolutionGuid = {EFEBC5D8-1E83-4CDA-83A1-7BAB034EDA75}
	EndGlobalSection
EndGlobal
